
Microsoft Visual Studio Solution File, Format Version 12.00
# Visual Studio Version 16
VisualStudioVersion = 16.0.31129.286
MinimumVisualStudioVersion = 10.0.40219.1
Project("{FAE04EC0-301F-11D3-BF4B-00C04F79EFBC}") = "VoterTester", "VoterTester.csproj", "{31742930-4EF3-4DA1-9632-3C080D55CD67}"
EndProject
Global
	GlobalSection(SolutionConfigurationPlatforms) = preSolution
		Debug|Any CPU = Debug|Any CPU
		Release|Any CPU = Release|Any CPU
	EndGlobalSection
	GlobalSection(ProjectConfigurationPlatforms) = postSolution
		{31742930-4EF3-4DA1-9632-3C080D55CD67}.Debug|Any CPU.ActiveCfg = Debug|Any CPU
		{31742930-4EF3-4DA1-9632-3C080D55CD67}.Debug|Any CPU.Build.0 = Debug|Any CPU
		{31742930-4EF3-4DA1-9632-3C080D55CD67}.Release|Any CPU.ActiveCfg = Release|Any CPU
		{31742930-4EF3-4DA1-9632-3C080D55CD67}.Release|Any CPU.Build.0 = Release|Any CPU
	EndGlobalSection
	GlobalSection(SolutionProperties) = preSolution
		HideSolutionNode = FALSE
	EndGlobalSection
	GlobalSection(ExtensibilityGlobals) = postSolution
		SolutionGuid = {5ED6C8E4-BAE5-4019-8E8C-F7B9310DF74F}
	EndGlobalSection
EndGlobal
